
Microsoft Visual Studio Solution File, Format Version 12.00
# Visual Studio Version 17
VisualStudioVersion = 17.9.34728.123
MinimumVisualStudioVersion = 10.0.40219.1
Project("{9A19103F-16F7-4668-BE54-9A1E7A4F7556}") = "FaeLibrary", "FaeLibrary.csproj", "{04FC9816-2F08-4676-B4CB-D98DC93420EB}"
EndProject
Global
	GlobalSection(SolutionConfigurationPlatforms) = preSolution
		Debug|Any CPU = Debug|Any CPU
		Release|Any CPU = Release|Any CPU
	EndGlobalSection
	GlobalSection(ProjectConfigurationPlatforms) = postSolution
		{04FC9816-2F08-4676-B4CB-D98DC93420EB}.Debug|Any CPU.ActiveCfg = Debug|Any CPU
		{04FC9816-2F08-4676-B4CB-D98DC93420EB}.Debug|Any CPU.Build.0 = Debug|Any CPU
		{04FC9816-2F08-4676-B4CB-D98DC93420EB}.Release|Any CPU.ActiveCfg = Release|Any CPU
		{04FC9816-2F08-4676-B4CB-D98DC93420EB}.Release|Any CPU.Build.0 = Release|Any CPU
	EndGlobalSection
	GlobalSection(SolutionProperties) = preSolution
		HideSolutionNode = FALSE
	EndGlobalSection
	GlobalSection(ExtensibilityGlobals) = postSolution
		SolutionGuid = {0E557115-268C-4F8E-901F-5F057637802D}
	EndGlobalSection
EndGlobal
